
Microsoft Visual Studio Solution File, Format Version 12.00
# Visual Studio Version 17
VisualStudioVersion = 17.6.33723.286
MinimumVisualStudioVersion = 10.0.40219.1
Project("{FAE04EC0-301F-11D3-BF4B-00C04F79EFBC}") = "ImgFileRenamer", "ImgFileRenamer.csproj", "{29634E53-F424-4AD9-AC3B-14F85C548AFE}"
EndProject
Global
	GlobalSection(SolutionConfigurationPlatforms) = preSolution
		Debug|Any CPU = Debug|Any CPU
		Release|Any CPU = Release|Any CPU
	EndGlobalSection
	GlobalSection(ProjectConfigurationPlatforms) = postSolution
		{29634E53-F424-4AD9-AC3B-14F85C548AFE}.Debug|Any CPU.ActiveCfg = Debug|Any CPU
		{29634E53-F424-4AD9-AC3B-14F85C548AFE}.Debug|Any CPU.Build.0 = Debug|Any CPU
		{29634E53-F424-4AD9-AC3B-14F85C548AFE}.Release|Any CPU.ActiveCfg = Release|Any CPU
		{29634E53-F424-4AD9-AC3B-14F85C548AFE}.Release|Any CPU.Build.0 = Release|Any CPU
	EndGlobalSection
	GlobalSection(SolutionProperties) = preSolution
		HideSolutionNode = FALSE
	EndGlobalSection
	GlobalSection(ExtensibilityGlobals) = postSolution
		SolutionGuid = {CF582A0B-9E31-4FDB-B6A6-3DAD4BC772C3}
	EndGlobalSection
EndGlobal
